
Microsoft Visual Studio Solution File, Format Version 12.00
# Visual Studio Version 17
VisualStudioVersion = 17.4.33213.308
MinimumVisualStudioVersion = 10.0.40219.1
Project("{FAE04EC0-301F-11D3-BF4B-00C04F79EFBC}") = "Entities", "Entities\Entities.csproj", "{50FA6844-7C2D-4AB7-8CA8-ACBB973E44ED}"
EndProject
Project("{FAE04EC0-301F-11D3-BF4B-00C04F79EFBC}") = "DataAccess", "DataAccess\DataAccess.csproj", "{677330BE-390B-4669-95FA-99292FDFD045}"
EndProject
Project("{FAE04EC0-301F-11D3-BF4B-00C04F79EFBC}") = "Business", "Business\Business.csproj", "{622731AD-EEE3-4621-B2DD-E991F75040E6}"
EndProject
Project("{FAE04EC0-301F-11D3-BF4B-00C04F79EFBC}") = "ConsoleUI", "ConsoleUI\ConsoleUI.csproj", "{E178CA26-F99E-4956-B9CF-E43B017164E2}"
EndProject
Global
	GlobalSection(SolutionConfigurationPlatforms) = preSolution
		Debug|Any CPU = Debug|Any CPU
		Release|Any CPU = Release|Any CPU
	EndGlobalSection
	GlobalSection(ProjectConfigurationPlatforms) = postSolution
		{50FA6844-7C2D-4AB7-8CA8-ACBB973E44ED}.Debug|Any CPU.ActiveCfg = Debug|Any CPU
		{50FA6844-7C2D-4AB7-8CA8-ACBB973E44ED}.Debug|Any CPU.Build.0 = Debug|Any CPU
		{50FA6844-7C2D-4AB7-8CA8-ACBB973E44ED}.Release|Any CPU.ActiveCfg = Release|Any CPU
		{50FA6844-7C2D-4AB7-8CA8-ACBB973E44ED}.Release|Any CPU.Build.0 = Release|Any CPU
		{677330BE-390B-4669-95FA-99292FDFD045}.Debug|Any CPU.ActiveCfg = Debug|Any CPU
		{677330BE-390B-4669-95FA-99292FDFD045}.Debug|Any CPU.Build.0 = Debug|Any CPU
		{677330BE-390B-4669-95FA-99292FDFD045}.Release|Any CPU.ActiveCfg = Release|Any CPU
		{677330BE-390B-4669-95FA-99292FDFD045}.Release|Any CPU.Build.0 = Release|Any CPU
		{622731AD-EEE3-4621-B2DD-E991F75040E6}.Debug|Any CPU.ActiveCfg = Debug|Any CPU
		{622731AD-EEE3-4621-B2DD-E991F75040E6}.Debug|Any CPU.Build.0 = Debug|Any CPU
		{622731AD-EEE3-4621-B2DD-E991F75040E6}.Release|Any CPU.ActiveCfg = Release|Any CPU
		{622731AD-EEE3-4621-B2DD-E991F75040E6}.Release|Any CPU.Build.0 = Release|Any CPU
		{E178CA26-F99E-4956-B9CF-E43B017164E2}.Debug|Any CPU.ActiveCfg = Debug|Any CPU
		{E178CA26-F99E-4956-B9CF-E43B017164E2}.Debug|Any CPU.Build.0 = Debug|Any CPU
		{E178CA26-F99E-4956-B9CF-E43B017164E2}.Release|Any CPU.ActiveCfg = Release|Any CPU
		{E178CA26-F99E-4956-B9CF-E43B017164E2}.Release|Any CPU.Build.0 = Release|Any CPU
	EndGlobalSection
	GlobalSection(SolutionProperties) = preSolution
		HideSolutionNode = FALSE
	EndGlobalSection
	GlobalSection(ExtensibilityGlobals) = postSolution
		SolutionGuid = {B05EF557-9E82-4F6D-ABD2-0ECF2D43EE74}
	EndGlobalSection
EndGlobal
